{
  "requires": true,
  "lockfileVersion": 1,
  "dependencies": {
    "qiniu-js": {
      "version": "2.5.1",
      "resolved": "https://registry.npmjs.org/qiniu-js/-/qiniu-js-2.5.1.tgz",
      "integrity": "sha512-azOejduzZ9VRqlwwYr2UzfBesQIZHCz4TOyfGcBGMVOTJfznq3feLMCM1h54hDUvlB9ldmbeJ31DJswGNkn6Gg=="
    }
  }
}
